
Microsoft Visual Studio Solution File, Format Version 12.00
# Visual Studio Version 17
VisualStudioVersion = 17.10.35013.160
MinimumVisualStudioVersion = 10.0.40219.1
Project("{FAE04EC0-301F-11D3-BF4B-00C04F79EFBC}") = "ConnectionGame", "ConnectionGame\ConnectionGame.csproj", "{56F38A9D-9718-4E52-BB9C-49DDDF7F7D9D}"
EndProject
Global
	GlobalSection(SolutionConfigurationPlatforms) = preSolution
		Debug|Any CPU = Debug|Any CPU
		Release|Any CPU = Release|Any CPU
	EndGlobalSection
	GlobalSection(ProjectConfigurationPlatforms) = postSolution
		{56F38A9D-9718-4E52-BB9C-49DDDF7F7D9D}.Debug|Any CPU.ActiveCfg = Debug|Any CPU
		{56F38A9D-9718-4E52-BB9C-49DDDF7F7D9D}.Debug|Any CPU.Build.0 = Debug|Any CPU
		{56F38A9D-9718-4E52-BB9C-49DDDF7F7D9D}.Release|Any CPU.ActiveCfg = Release|Any CPU
		{56F38A9D-9718-4E52-BB9C-49DDDF7F7D9D}.Release|Any CPU.Build.0 = Release|Any CPU
	EndGlobalSection
	GlobalSection(SolutionProperties) = preSolution
		HideSolutionNode = FALSE
	EndGlobalSection
	GlobalSection(ExtensibilityGlobals) = postSolution
		SolutionGuid = {BB28F5F3-E9C0-4798-8D00-422BEFA10601}
	EndGlobalSection
EndGlobal
